
Microsoft Visual Studio Solution File, Format Version 12.00
# Visual Studio 2015
Project("{FAE04EC0-301F-11D3-BF4B-00C04F79EFBC}") = "Racer - Project 2 - 2D.CSharp", "Racer - Project 2 - 2D.CSharp.csproj", "{EC96A0B6-E6E5-4B43-D493-E7E574D6C6B0}"
EndProject
Global
	GlobalSection(SolutionConfigurationPlatforms) = preSolution
		Debug|Any CPU = Debug|Any CPU
		Release|Any CPU = Release|Any CPU
	EndGlobalSection
	GlobalSection(ProjectConfigurationPlatforms) = postSolution
		{EC96A0B6-E6E5-4B43-D493-E7E574D6C6B0}.Debug|Any CPU.ActiveCfg = Debug|Any CPU
		{EC96A0B6-E6E5-4B43-D493-E7E574D6C6B0}.Debug|Any CPU.Build.0 = Debug|Any CPU
		{EC96A0B6-E6E5-4B43-D493-E7E574D6C6B0}.Release|Any CPU.ActiveCfg = Release|Any CPU
		{EC96A0B6-E6E5-4B43-D493-E7E574D6C6B0}.Release|Any CPU.Build.0 = Release|Any CPU
	EndGlobalSection
	GlobalSection(SolutionProperties) = preSolution
		HideSolutionNode = FALSE
	EndGlobalSection
EndGlobal
